<?xml version="1.0" encoding="UTF-8"?>
<Scheme
   LastUpgradeVersion = "0730"
   version = "1.3">
   <BuildAction
      parallelizeBuildables = "YES"
      buildImplicitDependencies = "YES">
      <BuildActionEntries>
         <BuildActionEntry
            buildForTesting = "YES"
            buildForRunning = "YES"
            buildForProfiling = "YES"
            buildForArchiving = "YES"
            buildForAnalyzing = "YES">
            <BuildableReference
               BuildableIdentifier = "primary"
               BlueprintIdentifier = "2C0FE2F41D4B077600167D04"
               BuildableName = "&#x8fdc;&#x5927;&#x5546;&#x5b66;&#x9662;.app"
               BlueprintName = "&#x8fdc;&#x5927;&#x5546;&#x5b66;&#x9662;"
               ReferencedContainer = "container:&#x8fdc;&#x5927;&#x5546;&#x5b66;&#x9662;.xcodeproj">
            </BuildableReference>
         </BuildActionEntry>
      </BuildActionEntries>
   </BuildAction>
   <TestAction
      buildConfiguration = "Release"
      selectedDebuggerIdentifier = "Xcode.DebuggerFoundation.Debugger.LLDB"
      selectedLauncherIdentifier = "Xcode.DebuggerFoundation.Launcher.LLDB"
      shouldUseLaunchSchemeArgsEnv = "YES">
      <Testables>
         <TestableReference
            skipped = "NO">
            <BuildableReference
               BuildableIdentifier = "primary"
               BlueprintIdentifier = "2C0FE30D1D4B077600167D04"
               BuildableName = "&#x8fdc;&#x5927;&#x5546;&#x5b66;&#x9662;Tests.xctest"
               BlueprintName = "&#x8fdc;&#x5927;&#x5546;&#x5b66;&#x9662;Tests"
               ReferencedContainer = "container:&#x8fdc;&#x5927;&#x5546;&#x5b66;&#x9662;.xcodeproj">
            </BuildableReference>
         </TestableReference>
         <TestableReference
            skipped = "NO">
            <BuildableReference
               BuildableIdentifier = "primary"
               BlueprintIdentifier = "2C0FE3181D4B077600167D04"
               BuildableName = "&#x8fdc;&#x5927;&#x5546;&#x5b66;&#x9662;UITests.xctest"
               BlueprintName = "&#x8fdc;&#x5927;&#x5546;&#x5b66;&#x9662;UITests"
               ReferencedContainer = "container:&#x8fdc;&#x5927;&#x5546;&#x5b66;&#x9662;.xcodeproj">
            </BuildableReference>
         </TestableReference>
      </Testables>
      <MacroExpansion>
         <BuildableReference
            BuildableIdentifier = "primary"
            BlueprintIdentifier = "2C0FE2F41D4B077600167D04"
            BuildableName = "&#x8fdc;&#x5927;&#x5546;&#x5b66;&#x9662;.app"
            BlueprintName = "&#x8fdc;&#x5927;&#x5546;&#x5b66;&#x9662;"
            ReferencedContainer = "container:&#x8fdc;&#x5927;&#x5546;&#x5b66;&#x9662;.xcodeproj">
         </BuildableReference>
      </MacroExpansion>
      <AdditionalOptions>
      </AdditionalOptions>
   </TestAction>
   <LaunchAction
      buildConfiguration = "Release"
      selectedDebuggerIdentifier = "Xcode.DebuggerFoundation.Debugger.LLDB"
      selectedLauncherIdentifier = "Xcode.DebuggerFoundation.Launcher.LLDB"
      launchStyle = "0"
      useCustomWorkingDirectory = "NO"
      ignoresPersistentStateOnLaunch = "NO"
      debugDocumentVersioning = "YES"
      debugServiceExtension = "internal"
      allowLocationSimulation = "YES">
      <BuildableProductRunnable
         runnableDebuggingMode = "0">
         <BuildableReference
            BuildableIdentifier = "primary"
            BlueprintIdentifier = "2C0FE2F41D4B077600167D04"
            BuildableName = "&#x8fdc;&#x5927;&#x5546;&#x5b66;&#x9662;.app"
            BlueprintName = "&#x8fdc;&#x5927;&#x5546;&#x5b66;&#x9662;"
            ReferencedContainer = "container:&#x8fdc;&#x5927;&#x5546;&#x5b66;&#x9662;.xcodeproj">
         </BuildableReference>
      </BuildableProductRunnable>
      <AdditionalOptions>
      </AdditionalOptions>
   </LaunchAction>
   <ProfileAction
      buildConfiguration = "Release"
      shouldUseLaunchSchemeArgsEnv = "YES"
      savedToolIdentifier = ""
      useCustomWorkingDirectory = "NO"
      debugDocumentVersioning = "YES">
      <BuildableProductRunnable
         runnableDebuggingMode = "0">
         <BuildableReference
            BuildableIdentifier = "primary"
            BlueprintIdentifier = "2C0FE2F41D4B077600167D04"
            BuildableName = "&#x8fdc;&#x5927;&#x5546;&#x5b66;&#x9662;.app"
            BlueprintName = "&#x8fdc;&#x5927;&#x5546;&#x5b66;&#x9662;"
            ReferencedContainer = "container:&#x8fdc;&#x5927;&#x5546;&#x5b66;&#x9662;.xcodeproj">
         </BuildableReference>
      </BuildableProductRunnable>
   </ProfileAction>
   <AnalyzeAction
      buildConfiguration = "Release">
   </AnalyzeAction>
   <ArchiveAction
      buildConfiguration = "Release"
      revealArchiveInOrganizer = "YES">
   </ArchiveAction>
</Scheme>
